// !$*UTF8*$!
{
	archiveVersion = 1;
	classes = {
	};
	objectVersion = 50;
	objects = {

/* Begin PBXBuildFile section */
		83204E9C21BF0BF200F1DECB /* Item.swift in Sources */ = {isa = PBXBuildFile; fileRef = 83204E9B21BF0BF200F1DECB /* Item.swift */; };
		834A36C3219B5C34002B0513 /* AppDelegate.swift in Sources */ = {isa = PBXBuildFile; fileRef = 834A36C2219B5C34002B0513 /* AppDelegate.swift */; };
		834A36C5219B5C34002B0513 /* ToDoListController.swift in Sources */ = {isa = PBXBuildFile; fileRef = 834A36C4219B5C34002B0513 /* ToDoListController.swift */; };
		834A36C8219B5C34002B0513 /* Main.storyboard in Resources */ = {isa = PBXBuildFile; fileRef = 834A36C6219B5C34002B0513 /* Main.storyboard */; };
		834A36CA219B5C38002B0513 /* Assets.xcassets in Resources */ = {isa = PBXBuildFile; fileRef = 834A36C9219B5C38002B0513 /* Assets.xcassets */; };
		834A36CD219B5C38002B0513 /* LaunchScreen.storyboard in Resources */ = {isa = PBXBuildFile; fileRef = 834A36CB219B5C38002B0513 /* LaunchScreen.storyboard */; };
/* End PBXBuildFile section */

/* Begin PBXFileReference section */
		83204E9B21BF0BF200F1DECB /* Item.swift */ = {isa = PBXFileReference; lastKnownFileType = sourcecode.swift; path = Item.swift; sourceTree = "<group>"; };
		834A36BF219B5C34002B0513 /* Todoey.app */ = {isa = PBXFileReference; explicitFileType = wrapper.application; includeInIndex = 0; path = Todoey.app; sourceTree = BUILT_PRODUCTS_DIR; };
		834A36C2219B5C34002B0513 /* AppDelegate.swift */ = {isa = PBXFileReference; lastKnownFileType = sourcecode.swift; path = AppDelegate.swift; sourceTree = "<group>"; };
		834A36C4219B5C34002B0513 /* ToDoListController.swift */ = {isa = PBXFileReference; lastKnownFileType = sourcecode.swift; path = ToDoListController.swift; sourceTree = "<group>"; };
		834A36C7219B5C34002B0513 /* Base */ = {isa = PBXFileReference; lastKnownFileType = file.storyboard; name = Base; path = Base.lproj/Main.storyboard; sourceTree = "<group>"; };
		834A36C9219B5C38002B0513 /* Assets.xcassets */ = {isa = PBXFileReference; lastKnownFileType = folder.assetcatalog; path = Assets.xcassets; sourceTree = "<group>"; };
		834A36CC219B5C38002B0513 /* Base */ = {isa = PBXFileReference; lastKnownFileType = file.storyboard; name = Base; path = Base.lproj/LaunchScreen.storyboard; sourceTree = "<group>"; };
		834A36CE219B5C38002B0513 /* Info.plist */ = {isa = PBXFileReference; lastKnownFileType = text.plist.xml; path = Info.plist; sourceTree = "<group>"; };
/* End PBXFileReference section */

/* Begin PBXFrameworksBuildPhase section */
		834A36BC219B5C34002B0513 /* Frameworks */ = {
			isa = PBXFrameworksBuildPhase;
			buildActionMask = 2147483647;
			files = (
			);
			runOnlyForDeploymentPostprocessing = 0;
		};
/* End PBXFrameworksBuildPhase section */

/* Begin PBXGroup section */
		83204E9D21BF0C2900F1DECB /* Data Models */ = {
			isa = PBXGroup;
			children = (
				83204E9B21BF0BF200F1DECB /* Item.swift */,
			);
			path = "Data Models";
			sourceTree = "<group>";
		};
		83204E9E21BF0C6600F1DECB /* Controllers */ = {
			isa = PBXGroup;
			children = (
				834A36C4219B5C34002B0513 /* ToDoListController.swift */,
			);
			path = Controllers;
			sourceTree = "<group>";
		};
		83204E9F21BF0C8700F1DECB /* Views */ = {
			isa = PBXGroup;
			children = (
				834A36C6219B5C34002B0513 /* Main.storyboard */,
			);
			path = Views;
			sourceTree = "<group>";
		};
		83204EA021BF0CA700F1DECB /* Supporting Files */ = {
			isa = PBXGroup;
			children = (
				834A36C9219B5C38002B0513 /* Assets.xcassets */,
				834A36CB219B5C38002B0513 /* LaunchScreen.storyboard */,
			);
			path = "Supporting Files";
			sourceTree = "<group>";
		};
		834A36B6219B5C34002B0513 = {
			isa = PBXGroup;
			children = (
				834A36C1219B5C34002B0513 /* Todoey */,
				834A36C0219B5C34002B0513 /* Products */,
			);
			sourceTree = "<group>";
		};
		834A36C0219B5C34002B0513 /* Products */ = {
			isa = PBXGroup;
			children = (
				834A36BF219B5C34002B0513 /* Todoey.app */,
			);
			name = Products;
			sourceTree = "<group>";
		};
		834A36C1219B5C34002B0513 /* Todoey */ = {
			isa = PBXGroup;
			children = (
				834A36C2219B5C34002B0513 /* AppDelegate.swift */,
				83204E9E21BF0C6600F1DECB /* Controllers */,
				83204E9F21BF0C8700F1DECB /* Views */,
				83204EA021BF0CA700F1DECB /* Supporting Files */,
				834A36CE219B5C38002B0513 /* Info.plist */,
				83204E9D21BF0C2900F1DECB /* Data Models */,
			);
			path = Todoey;
			sourceTree = "<group>";
		};
/* End PBXGroup section */

/* Begin PBXNativeTarget section */
		834A36BE219B5C34002B0513 /* Todoey */ = {
			isa = PBXNativeTarget;
			buildConfigurationList = 834A36D1219B5C38002B0513 /* Build configuration list for PBXNativeTarget "Todoey" */;
			buildPhases = (
				834A36BB219B5C34002B0513 /* Sources */,
				834A36BC219B5C34002B0513 /* Frameworks */,
				834A36BD219B5C34002B0513 /* Resources */,
			);
			buildRules = (
			);
			dependencies = (
			);
			name = Todoey;
			productName = Todoey;
			productReference = 834A36BF219B5C34002B0513 /* Todoey.app */;
			productType = "com.apple.product-type.application";
		};
/* End PBXNativeTarget section */

/* Begin PBXProject section */
		834A36B7219B5C34002B0513 /* Project object */ = {
			isa = PBXProject;
			attributes = {
				LastSwiftUpdateCheck = 1010;
				LastUpgradeCheck = 1010;
				ORGANIZATIONNAME = "Ovidiu Bahnean";
				TargetAttributes = {
					834A36BE219B5C34002B0513 = {
						CreatedOnToolsVersion = 10.1;
					};
				};
			};
			buildConfigurationList = 834A36BA219B5C34002B0513 /* Build configuration list for PBXProject "Todoey" */;
			compatibilityVersion = "Xcode 9.3";
			developmentRegion = en;
			hasScannedForEncodings = 0;
			knownRegions = (
				en,
				Base,
			);
			mainGroup = 834A36B6219B5C34002B0513;
			productRefGroup = 834A36C0219B5C34002B0513 /* Products */;
			projectDirPath = "";
			projectRoot = "";
			targets = (
				834A36BE219B5C34002B0513 /* Todoey */,
			);
		};
/* End PBXProject section */

/* Begin PBXResourcesBuildPhase section */
		834A36BD219B5C34002B0513 /* Resources */ = {
			isa = PBXResourcesBuildPhase;
			buildActionMask = 2147483647;
			files = (
				834A36CD219B5C38002B0513 /* LaunchScreen.storyboard in Resources */,
				834A36CA219B5C38002B0513 /* Assets.xcassets in Resources */,
				834A36C8219B5C34002B0513 /* Main.storyboard in Resources */,
			);
			runOnlyForDeploymentPostprocessing = 0;
		};
/* End PBXResourcesBuildPhase section */

/* Begin PBXSourcesBuildPhase section */
		834A36BB219B5C34002B0513 /* Sources */ = {
			isa = PBXSourcesBuildPhase;
			buildActionMask = 2147483647;
			files = (
				834A36C5219B5C34002B0513 /* ToDoListController.swift in Sources */,
				83204E9C21BF0BF200F1DECB /* Item.swift in Sources */,
				834A36C3219B5C34002B0513 /* AppDelegate.swift in Sources */,
			);
			runOnlyForDeploymentPostprocessing = 0;
		};
/* End PBXSourcesBuildPhase section */

/* Begin PBXVariantGroup section */
		834A36C6219B5C34002B0513 /* Main.storyboard */ = {
			isa = PBXVariantGroup;
			children = (
				834A36C7219B5C34002B0513 /* Base */,
			);
			name = Main.storyboard;
			sourceTree = "<group>";
		};
		834A36CB219B5C38002B0513 /* LaunchScreen.storyboard */ = {
			isa = PBXVariantGroup;
			children = (
				834A36CC219B5C38002B0513 /* Base */,
			);
			name = LaunchScreen.storyboard;
			sourceTree = "<group>";
		};
/* End PBXVariantGroup section */

/* Begin XCBuildConfiguration section */
		834A36CF219B5C38002B0513 /* Debug */ = {
			isa = XCBuildConfiguration;
			buildSettings = {
				ALWAYS_SEARCH_USER_PATHS = NO;
				CLANG_ANALYZER_NONNULL = YES;
				CLANG_ANALYZER_NUMBER_OBJECT_CONVERSION = YES_AGGRESSIVE;
				CLANG_CXX_LANGUAGE_STANDARD = "gnu++14";
				CLANG_CXX_LIBRARY = "libc++";
				CLANG_ENABLE_MODULES = YES;
				CLANG_ENABLE_OBJC_ARC = YES;
				CLANG_ENABLE_OBJC_WEAK = YES;
				CLANG_WARN_BLOCK_CAPTURE_AUTORELEASING = YES;
				CLANG_WARN_BOOL_CONVERSION = YES;
				CLANG_WARN_COMMA = YES;
				CLANG_WARN_CONSTANT_CONVERSION = YES;
				CLANG_WARN_DEPRECATED_OBJC_IMPLEMENTATIONS = YES;
				CLANG_WARN_DIRECT_OBJC_ISA_USAGE = YES_ERROR;
				CLANG_WARN_DOCUMENTATION_COMMENTS = YES;
				CLANG_WARN_EMPTY_BODY = YES;
				CLANG_WARN_ENUM_CONVERSION = YES;
				CLANG_WARN_INFINITE_RECURSION = YES;
				CLANG_WARN_INT_CONVERSION = YES;
				CLANG_WARN_NON_LITERAL_NULL_CONVERSION = YES;
				CLANG_WARN_OBJC_IMPLICIT_RETAIN_SELF = YES;
				CLANG_WARN_OBJC_LITERAL_CONVERSION = YES;
				CLANG_WARN_OBJC_ROOT_CLASS = YES_ERROR;
				CLANG_WARN_RANGE_LOOP_ANALYSIS = YES;
				CLANG_WARN_STRICT_PROTOTYPES = YES;
				CLANG_WARN_SUSPICIOUS_MOVE = YES;
				CLANG_WARN_UNGUARDED_AVAILABILITY = YES_AGGRESSIVE;
				CLANG_WARN_UNREACHABLE_CODE = YES;
				CLANG_WARN__DUPLICATE_METHOD_MATCH = YES;
				CODE_SIGN_IDENTITY = "iPhone Developer";
				COPY_PHASE_STRIP = NO;
				DEBUG_INFORMATION_FORMAT = dwarf;
				ENABLE_STRICT_OBJC_MSGSEND = YES;
				ENABLE_TESTABILITY = YES;
				GCC_C_LANGUAGE_STANDARD = gnu11;
				GCC_DYNAMIC_NO_PIC = NO;
				GCC_NO_COMMON_BLOCKS = YES;
				GCC_OPTIMIZATION_LEVEL = 0;
				GCC_PREPROCESSOR_DEFINITIONS = (
					"DEBUG=1",
					"$(inherited)",
				);
				GCC_WARN_64_TO_32_BIT_CONVERSION = YES;
				GCC_WARN_ABOUT_RETURN_TYPE = YES_ERROR;
				GCC_WARN_UNDECLARED_SELECTOR = YES;
				GCC_WARN_UNINITIALIZED_AUTOS = YES_AGGRESSIVE;
				GCC_WARN_UNUSED_FUNCTION = YES;
				GCC_WARN_UNUSED_VARIABLE = YES;
				IPHONEOS_DEPLOYMENT_TARGET = 12.1;
				MTL_ENABLE_DEBUG_INFO = INCLUDE_SOURCE;
				MTL_FAST_MATH = YES;
				ONLY_ACTIVE_ARCH = YES;
				SDKROOT = iphoneos;
				SWIFT_ACTIVE_COMPILATION_CONDITIONS = DEBUG;
				SWIFT_OPTIMIZATION_LEVEL = "-Onone";
			};
			name = Debug;
		};
		834A36D0219B5C38002B0513 /* Release */ = {
			isa = XCBuildConfiguration;
			buildSettings = {
				ALWAYS_SEARCH_USER_PATHS = NO;
				CLANG_ANALYZER_NONNULL = YES;
				CLANG_ANALYZER_NUMBER_OBJECT_CONVERSION = YES_AGGRESSIVE;
				CLANG_CXX_LANGUAGE_STANDARD = "gnu++14";
				CLANG_CXX_LIBRARY = "libc++";
				CLANG_ENABLE_MODULES = YES;
				CLANG_ENABLE_OBJC_ARC = YES;
				CLANG_ENABLE_OBJC_WEAK = YES;
				CLANG_WARN_BLOCK_CAPTURE_AUTORELEASING = YES;
				CLANG_WARN_BOOL_CONVERSION = YES;
				CLANG_WARN_COMMA = YES;
				CLANG_WARN_CONSTANT_CONVERSION = YES;
				CLANG_WARN_DEPRECATED_OBJC_IMPLEMENTATIONS = YES;
				CLANG_WARN_DIRECT_OBJC_ISA_USAGE = YES_ERROR;
				CLANG_WARN_DOCUMENTATION_COMMENTS = YES;
				CLANG_WARN_EMPTY_BODY = YES;
				CLANG_WARN_ENUM_CONVERSION = YES;
				CLANG_WARN_INFINITE_RECURSION = YES;
				CLANG_WARN_INT_CONVERSION = YES;
				CLANG_WARN_NON_LITERAL_NULL_CONVERSION = YES;
				CLANG_WARN_OBJC_IMPLICIT_RETAIN_SELF = YES;
				CLANG_WARN_OBJC_LITERAL_CONVERSION = YES;
				CLANG_WARN_OBJC_ROOT_CLASS = YES_ERROR;
				CLANG_WARN_RANGE_LOOP_ANALYSIS = YES;
				CLANG_WARN_STRICT_PROTOTYPES = YES;
				CLANG_WARN_SUSPICIOUS_MOVE = YES;
				CLANG_WARN_UNGUARDED_AVAILABILITY = YES_AGGRESSIVE;
				CLANG_WARN_UNREACHABLE_CODE = YES;
				CLANG_WARN__DUPLICATE_METHOD_MATCH = YES;
				CODE_SIGN_IDENTITY = "iPhone Developer";
				COPY_PHASE_STRIP = NO;
				DEBUG_INFORMATION_FORMAT = "dwarf-with-dsym";
				ENABLE_NS_ASSERTIONS = NO;
				ENABLE_STRICT_OBJC_MSGSEND = YES;
				GCC_C_LANGUAGE_STANDARD = gnu11;
				GCC_NO_COMMON_BLOCKS = YES;
				GCC_WARN_64_TO_32_BIT_CONVERSION = YES;
				GCC_WARN_ABOUT_RETURN_TYPE = YES_ERROR;
				GCC_WARN_UNDECLARED_SELECTOR = YES;
				GCC_WARN_UNINITIALIZED_AUTOS = YES_AGGRESSIVE;
				GCC_WARN_UNUSED_FUNCTION = YES;
				GCC_WARN_UNUSED_VARIABLE = YES;
				IPHONEOS_DEPLOYMENT_TARGET = 12.1;
				MTL_ENABLE_DEBUG_INFO = NO;
				MTL_FAST_MATH = YES;
				SDKROOT = iphoneos;
				SWIFT_COMPILATION_MODE = wholemodule;
				SWIFT_OPTIMIZATION_LEVEL = "-O";
				VALIDATE_PRODUCT = YES;
			};
			name = Release;
		};
		834A36D2219B5C38002B0513 /* Debug */ = {
			isa = XCBuildConfiguration;
			buildSettings = {
				ASSETCATALOG_COMPILER_APPICON_NAME = AppIcon;
				CODE_SIGN_STYLE = Automatic;
				DEVELOPMENT_TEAM = XGNDD56LXD;
				INFOPLIST_FILE = Todoey/Info.plist;
				LD_RUNPATH_SEARCH_PATHS = (
					"$(inherited)",
					"@executable_path/Frameworks",
				);
				PRODUCT_BUNDLE_IDENTIFIER = com.ob.Todoey;
				PRODUCT_NAME = "$(TARGET_NAME)";
				SWIFT_VERSION = 4.2;
				TARGETED_DEVICE_FAMILY = "1,2";
			};
			name = Debug;
		};
		834A36D3219B5C38002B0513 /* Release */ = {
			isa = XCBuildConfiguration;
			buildSettings = {
				ASSETCATALOG_COMPILER_APPICON_NAME = AppIcon;
				CODE_SIGN_STYLE = Automatic;
				DEVELOPMENT_TEAM = XGNDD56LXD;
				INFOPLIST_FILE = Todoey/Info.plist;
				LD_RUNPATH_SEARCH_PATHS = (
					"$(inherited)",
					"@executable_path/Frameworks",
				);
				PRODUCT_BUNDLE_IDENTIFIER = com.ob.Todoey;
				PRODUCT_NAME = "$(TARGET_NAME)";
				SWIFT_VERSION = 4.2;
				TARGETED_DEVICE_FAMILY = "1,2";
			};
			name = Release;
		};
/* End XCBuildConfiguration section */

/* Begin XCConfigurationList section */
		834A36BA219B5C34002B0513 /* Build configuration list for PBXProject "Todoey" */ = {
			isa = XCConfigurationList;
			buildConfigurations = (
				834A36CF219B5C38002B0513 /* Debug */,
				834A36D0219B5C38002B0513 /* Release */,
			);
			defaultConfigurationIsVisible = 0;
			defaultConfigurationName = Release;
		};
		834A36D1219B5C38002B0513 /* Build configuration list for PBXNativeTarget "Todoey" */ = {
			isa = XCConfigurationList;
			buildConfigurations = (
				834A36D2219B5C38002B0513 /* Debug */,
				834A36D3219B5C38002B0513 /* Release */,
			);
			defaultConfigurationIsVisible = 0;
			defaultConfigurationName = Release;
		};
/* End XCConfigurationList section */
	};
	rootObject = 834A36B7219B5C34002B0513 /* Project object */;
}
